
Microsoft Visual Studio Solution File, Format Version 12.00
# Visual Studio Version 16
VisualStudioVersion = 16.0.30517.126
MinimumVisualStudioVersion = 10.0.40219.1
Project("{FAE04EC0-301F-11D3-BF4B-00C04F79EFBC}") = "OOPCar", "OOPCar\OOPCar.csproj", "{87555003-D048-45AA-8208-2B7222A0758B}"
EndProject
Project("{FAE04EC0-301F-11D3-BF4B-00C04F79EFBC}") = "ObjectsFromFile", "ObjectsFromFile\ObjectsFromFile.csproj", "{0E78377A-5B2B-4A1C-8938-DD1F8835D76B}"
EndProject
Global
	GlobalSection(SolutionConfigurationPlatforms) = preSolution
		Debug|Any CPU = Debug|Any CPU
		Release|Any CPU = Release|Any CPU
	EndGlobalSection
	GlobalSection(ProjectConfigurationPlatforms) = postSolution
		{87555003-D048-45AA-8208-2B7222A0758B}.Debug|Any CPU.ActiveCfg = Debug|Any CPU
		{87555003-D048-45AA-8208-2B7222A0758B}.Debug|Any CPU.Build.0 = Debug|Any CPU
		{87555003-D048-45AA-8208-2B7222A0758B}.Release|Any CPU.ActiveCfg = Release|Any CPU
		{87555003-D048-45AA-8208-2B7222A0758B}.Release|Any CPU.Build.0 = Release|Any CPU
		{0E78377A-5B2B-4A1C-8938-DD1F8835D76B}.Debug|Any CPU.ActiveCfg = Debug|Any CPU
		{0E78377A-5B2B-4A1C-8938-DD1F8835D76B}.Debug|Any CPU.Build.0 = Debug|Any CPU
		{0E78377A-5B2B-4A1C-8938-DD1F8835D76B}.Release|Any CPU.ActiveCfg = Release|Any CPU
		{0E78377A-5B2B-4A1C-8938-DD1F8835D76B}.Release|Any CPU.Build.0 = Release|Any CPU
	EndGlobalSection
	GlobalSection(SolutionProperties) = preSolution
		HideSolutionNode = FALSE
	EndGlobalSection
	GlobalSection(ExtensibilityGlobals) = postSolution
		SolutionGuid = {3C8E8430-C4C4-42CE-B98B-9C036A8BAF21}
	EndGlobalSection
EndGlobal
